
Microsoft Visual Studio Solution File, Format Version 12.00
Project("{FAE04EC0-301F-11D3-BF4B-00C04F79EFBC}") = "UsingOOPThroughTetris", "UsingOOPThroughTetris\UsingOOPThroughTetris.csproj", "{5EC84925-0BD9-4287-BBCC-E6A26C899EDE}"
EndProject
Global
	GlobalSection(SolutionConfigurationPlatforms) = preSolution
		Debug|Any CPU = Debug|Any CPU
		Release|Any CPU = Release|Any CPU
	EndGlobalSection
	GlobalSection(ProjectConfigurationPlatforms) = postSolution
		{5EC84925-0BD9-4287-BBCC-E6A26C899EDE}.Debug|Any CPU.ActiveCfg = Debug|Any CPU
		{5EC84925-0BD9-4287-BBCC-E6A26C899EDE}.Debug|Any CPU.Build.0 = Debug|Any CPU
		{5EC84925-0BD9-4287-BBCC-E6A26C899EDE}.Release|Any CPU.ActiveCfg = Release|Any CPU
		{5EC84925-0BD9-4287-BBCC-E6A26C899EDE}.Release|Any CPU.Build.0 = Release|Any CPU
	EndGlobalSection
EndGlobal
